{
  "projects": [
    {
      "projectId": "58GpZjZCWTaJ8AUhpCwt2K",
      "version": "2.1.2",
      "dependencies": {},
      "lang": "ts",
      "fileLocks": [
        {
          "assetId": "58GpZjZCWTaJ8AUhpCwt2K",
          "type": "projectCss",
          "checksum": "239dd58610862b4dfa857025b1ec938d"
        }
      ],
      "codegenVersion": "0.0.1"
    },
    {
      "projectId": "szjgMQpPpxhmkjnaBvZQJG",
      "version": "1.0.4",
      "dependencies": {},
      "lang": "ts",
      "fileLocks": [
        {
          "type": "globalVariant",
          "assetId": "ckLLdnw4lO",
          "checksum": "cc55311cbf027bd3c58f035249c4481a"
        },
        {
          "assetId": "szjgMQpPpxhmkjnaBvZQJG",
          "type": "projectCss",
          "checksum": "a2ad8cb9c08860bb52a14fb79165902b"
        }
      ],
      "codegenVersion": "0.0.1"
    },
    {
      "projectId": "uQ1tStPUiuweYuxMksqyYP",
      "version": "latest",
      "dependencies": {
        "szjgMQpPpxhmkjnaBvZQJG": "1.0.4",
        "58GpZjZCWTaJ8AUhpCwt2K": "2.1.2"
      },
      "lang": "ts",
      "fileLocks": [
        {
          "type": "globalVariant",
          "assetId": "52cioa0UNGfvY1",
          "checksum": "27437bf2c11ffc2cc0b5156b93a1eaf4"
        },
        {
          "assetId": "uQ1tStPUiuweYuxMksqyYP",
          "type": "projectCss",
          "checksum": "2bcb8a80cbd4fe4a4652bb006141246d"
        },
        {
          "type": "renderModule",
          "assetId": "cMa4emrNERY11",
          "checksum": "a67c44b0ad41a4ec36a072af74352944"
        },
        {
          "type": "cssRules",
          "assetId": "cMa4emrNERY11",
          "checksum": "a67c44b0ad41a4ec36a072af74352944"
        },
        {
          "type": "renderModule",
          "assetId": "J9zrw5ApeikFt",
          "checksum": "713b128b895fb46aa10512d771c07637"
        },
        {
          "type": "cssRules",
          "assetId": "J9zrw5ApeikFt",
          "checksum": "713b128b895fb46aa10512d771c07637"
        },
        {
          "type": "renderModule",
          "assetId": "IELNbHKEGo49X",
          "checksum": "21fadcbf79c4151d61f40cd8d891138c"
        },
        {
          "type": "cssRules",
          "assetId": "IELNbHKEGo49X",
          "checksum": "21fadcbf79c4151d61f40cd8d891138c"
        },
        {
          "type": "renderModule",
          "assetId": "NnXogWra1SRpr",
          "checksum": "3bbb87aafd9cbfc123573bca1eb43e6d"
        },
        {
          "type": "cssRules",
          "assetId": "NnXogWra1SRpr",
          "checksum": "3bbb87aafd9cbfc123573bca1eb43e6d"
        },
        {
          "type": "renderModule",
          "assetId": "tjDGBiuBQL-Qm",
          "checksum": "249e24b0265e830916728c3d1c6e1d0e"
        },
        {
          "type": "cssRules",
          "assetId": "tjDGBiuBQL-Qm",
          "checksum": "249e24b0265e830916728c3d1c6e1d0e"
        },
        {
          "type": "renderModule",
          "assetId": "_URXLOJYdHqND",
          "checksum": "4176e43cea693cd91769660135524e5c"
        },
        {
          "type": "cssRules",
          "assetId": "_URXLOJYdHqND",
          "checksum": "4176e43cea693cd91769660135524e5c"
        },
        {
          "type": "renderModule",
          "assetId": "1nwkPv2QRsjXjT",
          "checksum": "bf5531ab3588d7e3f177ccb5ad6fde19"
        },
        {
          "type": "cssRules",
          "assetId": "1nwkPv2QRsjXjT",
          "checksum": "bf5531ab3588d7e3f177ccb5ad6fde19"
        },
        {
          "type": "renderModule",
          "assetId": "_u9SMwEU4JVpzG",
          "checksum": "545933144bd40fcf579a4c92fdafabb1"
        },
        {
          "type": "cssRules",
          "assetId": "_u9SMwEU4JVpzG",
          "checksum": "545933144bd40fcf579a4c92fdafabb1"
        },
        {
          "type": "renderModule",
          "assetId": "35BKfOaVUOBWYU",
          "checksum": "5c4f49bf618d39b171696f95dbeaec0b"
        },
        {
          "type": "cssRules",
          "assetId": "35BKfOaVUOBWYU",
          "checksum": "5c4f49bf618d39b171696f95dbeaec0b"
        },
        {
          "type": "renderModule",
          "assetId": "Nyhwh0fbCy2wRS",
          "checksum": "7479092b64c102035ee365e42413aee3"
        },
        {
          "type": "cssRules",
          "assetId": "Nyhwh0fbCy2wRS",
          "checksum": "7479092b64c102035ee365e42413aee3"
        },
        {
          "type": "renderModule",
          "assetId": "2Yp4G7Qp0jQKO0",
          "checksum": "e5d0fb28a5391f3b30e17b4e8e4bc682"
        },
        {
          "type": "cssRules",
          "assetId": "2Yp4G7Qp0jQKO0",
          "checksum": "e5d0fb28a5391f3b30e17b4e8e4bc682"
        },
        {
          "type": "icon",
          "assetId": "DIc3RwP6t-7DvM",
          "checksum": "1c9bce207b85814bc288956b4814bcd3"
        },
        {
          "type": "icon",
          "assetId": "6wnJ0iAby9POKQ",
          "checksum": "de5ad8bb5b39c3b253c119061351e8db"
        },
        {
          "type": "icon",
          "assetId": "lTuEpwKUST6iVJ",
          "checksum": "8ebae6d0596a0a72fd393379d019352b"
        },
        {
          "type": "icon",
          "assetId": "DGsq-C17D8eHoS",
          "checksum": "4c96a529a433416a1f84b6a14970badc"
        },
        {
          "type": "icon",
          "assetId": "bpL7QDrSKQF7Lo",
          "checksum": "d826d073ad66e7d846d461c29043a7f0"
        },
        {
          "type": "icon",
          "assetId": "aZIgskhvJxd7-t",
          "checksum": "74a71229c77419a7150a31f757325b0c"
        },
        {
          "type": "icon",
          "assetId": "xN2AyMzwK-27Uz",
          "checksum": "cc224e2f3a2fdb9cfea8a1b19cbbf4c8"
        },
        {
          "type": "icon",
          "assetId": "suBvJwr0Ww3-mq",
          "checksum": "72d0d23ece0ffe78fa5f3fa018c054ca"
        },
        {
          "type": "image",
          "assetId": "hw7E2VAXn7A2-X",
          "checksum": "53209eb4c2c846ac7f9bc04ddd260ee7"
        },
        {
          "type": "image",
          "assetId": "q9R3gPvVPvBi4-",
          "checksum": "d7d06d60e88c2df4000979935b610111"
        },
        {
          "type": "image",
          "assetId": "Mvl56fyJ0o7z7p",
          "checksum": "b3ede8c51f590ff46a66874789b1af9d"
        },
        {
          "type": "image",
          "assetId": "rul-sNdIae0KhH",
          "checksum": "acb8b1c2620854713f0f1ef2f3ac2458"
        }
      ],
      "codegenVersion": "0.0.1"
    }
  ],
  "cliVersion": "0.1.182"
}
